
Microsoft Visual Studio Solution File, Format Version 12.00
# Visual Studio Version 16
VisualStudioVersion = 16.0.29230.61
MinimumVisualStudioVersion = 10.0.40219.1
Project("{FAE04EC0-301F-11D3-BF4B-00C04F79EFBC}") = "ExampleWebApp.WebApp", "ExampleWebApp.WebApp\ExampleWebApp.WebApp.csproj", "{1CDE9BEA-BC6D-4908-B7DD-BD3E2F650371}"
EndProject
Project("{FAE04EC0-301F-11D3-BF4B-00C04F79EFBC}") = "ExampleWebApp.Tests", "ExampleWebApp.Tests\ExampleWebApp.Tests.csproj", "{16A54F8A-FFA1-4A9B-8B6C-2D9DEA973D02}"
EndProject
Global
	GlobalSection(SolutionConfigurationPlatforms) = preSolution
		Debug|Any CPU = Debug|Any CPU
		Release|Any CPU = Release|Any CPU
	EndGlobalSection
	GlobalSection(ProjectConfigurationPlatforms) = postSolution
		{1CDE9BEA-BC6D-4908-B7DD-BD3E2F650371}.Debug|Any CPU.ActiveCfg = Debug|Any CPU
		{1CDE9BEA-BC6D-4908-B7DD-BD3E2F650371}.Debug|Any CPU.Build.0 = Debug|Any CPU
		{1CDE9BEA-BC6D-4908-B7DD-BD3E2F650371}.Release|Any CPU.ActiveCfg = Release|Any CPU
		{1CDE9BEA-BC6D-4908-B7DD-BD3E2F650371}.Release|Any CPU.Build.0 = Release|Any CPU
		{16A54F8A-FFA1-4A9B-8B6C-2D9DEA973D02}.Debug|Any CPU.ActiveCfg = Debug|Any CPU
		{16A54F8A-FFA1-4A9B-8B6C-2D9DEA973D02}.Debug|Any CPU.Build.0 = Debug|Any CPU
		{16A54F8A-FFA1-4A9B-8B6C-2D9DEA973D02}.Release|Any CPU.ActiveCfg = Release|Any CPU
		{16A54F8A-FFA1-4A9B-8B6C-2D9DEA973D02}.Release|Any CPU.Build.0 = Release|Any CPU
	EndGlobalSection
	GlobalSection(SolutionProperties) = preSolution
		HideSolutionNode = FALSE
	EndGlobalSection
	GlobalSection(ExtensibilityGlobals) = postSolution
		SolutionGuid = {C1BA5467-5F54-4E44-AED5-780467BADDB7}
	EndGlobalSection
EndGlobal
